
Microsoft Visual Studio Solution File, Format Version 12.00
# Visual Studio Version 17
VisualStudioVersion = 17.6.33829.357
MinimumVisualStudioVersion = 10.0.40219.1
Project("{888888A0-9F3D-457C-B088-3A5042F75D52}") = "FaceDetection", "FaceDetection\FaceDetection.pyproj", "{4A253382-1298-4E95-A782-4FBD8D190F23}"
EndProject
Global
	GlobalSection(SolutionConfigurationPlatforms) = preSolution
		Debug|Any CPU = Debug|Any CPU
		Release|Any CPU = Release|Any CPU
	EndGlobalSection
	GlobalSection(ProjectConfigurationPlatforms) = postSolution
		{4A253382-1298-4E95-A782-4FBD8D190F23}.Debug|Any CPU.ActiveCfg = Debug|Any CPU
		{4A253382-1298-4E95-A782-4FBD8D190F23}.Release|Any CPU.ActiveCfg = Release|Any CPU
	EndGlobalSection
	GlobalSection(SolutionProperties) = preSolution
		HideSolutionNode = FALSE
	EndGlobalSection
	GlobalSection(ExtensibilityGlobals) = postSolution
		SolutionGuid = {5AF19611-432E-4104-B41B-2135F0B1CD42}
	EndGlobalSection
EndGlobal
